
Microsoft Visual Studio Solution File, Format Version 12.00
# Visual Studio 15
VisualStudioVersion = 15.0.28307.645
MinimumVisualStudioVersion = 10.0.40219.1
Project("{FAE04EC0-301F-11D3-BF4B-00C04F79EFBC}") = "Ft_Swap1", "Ft_Swap1\Ft_Swap1.csproj", "{4E30F469-341D-4054-8116-2B4DD7B24665}"
EndProject
Global
	GlobalSection(SolutionConfigurationPlatforms) = preSolution
		Debug|Any CPU = Debug|Any CPU
		Release|Any CPU = Release|Any CPU
	EndGlobalSection
	GlobalSection(ProjectConfigurationPlatforms) = postSolution
		{4E30F469-341D-4054-8116-2B4DD7B24665}.Debug|Any CPU.ActiveCfg = Debug|Any CPU
		{4E30F469-341D-4054-8116-2B4DD7B24665}.Debug|Any CPU.Build.0 = Debug|Any CPU
		{4E30F469-341D-4054-8116-2B4DD7B24665}.Release|Any CPU.ActiveCfg = Release|Any CPU
		{4E30F469-341D-4054-8116-2B4DD7B24665}.Release|Any CPU.Build.0 = Release|Any CPU
	EndGlobalSection
	GlobalSection(SolutionProperties) = preSolution
		HideSolutionNode = FALSE
	EndGlobalSection
	GlobalSection(ExtensibilityGlobals) = postSolution
		SolutionGuid = {21974997-020B-4586-85D3-DE82ACB7B91C}
	EndGlobalSection
EndGlobal
